github.com/Ignaciojeria/einar-ioc v1.7.0 h1:3I/iy+qwZu5Rg3V37L/QyLiPMPetOGKNGwEF5Y0W6Dg=
github.com/Ignaciojeria/einar-ioc v1.7.0/go.mod h1:PK1cQXnSEttRHHDo1hWgKGql+DENcvrBEsEnmoF3iVg=
github.com/Ignaciojeria/einar-ioc v1.9.0 h1:i95Xr7FTu50zDy6mk+JMaDsjxamJp/2beg1KhCX/wbc=
github.com/Ignaciojeria/einar-ioc v1.9.0/go.mod h1:anRroLb9+/EdPoyP4Lj+JDjS6xyvbMpG6/x4sHk6Dyk=
github.com/Ignaciojeria/einar-ioc v1.10.0 h1:9xda1xMZbGz82emHCLBAYB2i0L27X8sh2wIhlNJa8xU=
github.com/Ignaciojeria/einar-ioc v1.10.0/go.mod h1:anRroLb9+/EdPoyP4Lj+JDjS6xyvbMpG6/x4sHk6Dyk=
github.com/emirpasic/gods v1.18.1 h1:FXtiHYKDGKCW2KzwZKx0iC0PQmdlorYgdFG9jPXJ1Bc=
github.com/emirpasic/gods v1.18.1/go.mod h1:8tpGGwCnJ5H4r6BWwaV6OrWmMoPhUl5jm/FMNAnJvWQ=
github.com/go-test/deep v1.1.0/go.mod h1:5C2ZWiW0ErCdrYzpqxLbTX7MG14M9iiw8DgHncVwcsE=
github.com/google/uuid v1.3.0 h1:t6JiXgmwXMjEs8VusXIJk2BXHsn+wx8BZdTaoZ5fu7I=
github.com/google/uuid v1.3.0/go.mod h1:TIyPZe4MgqvfeYDBFedMoGGpEw/LqOeaOT+nhxU+yHo=
github.com/heimdalr/dag v1.4.0 h1:zG3JA4RDVLc55k3AXAgfwa+EgBNZ0TkfOO3C29Ucpmg=
github.com/heimdalr/dag v1.4.0/go.mod h1:OCh6ghKmU0hPjtwMqWBoNxPmtRioKd1xSu7Zs4sbIqM=
github.com/joho/godotenv v1.5.1 h1:7eLL/+HRGLY0ldzfGMeQkb7vMd0as4CfYvUVzLqw0N0=
github.com/joho/godotenv v1.5.1/go.mod h1:f4LDr5Voq0i2e/R5DDNOoa2zzDfwtkZa6DnEwAbqwq4=
